
Microsoft Visual Studio Solution File, Format Version 12.00
# Visual Studio 14
VisualStudioVersion = 14.0.25420.1
MinimumVisualStudioVersion = 10.0.40219.1
Project("{D954291E-2A0B-460D-934E-DC6B0785DB48}") = "ProjectORB", "ProjectORB\ProjectORB\ProjectORB.shproj", "{D34F8B5B-7813-4C06-B89E-617F8CA143D5}"
EndProject
Project("{FAE04EC0-301F-11D3-BF4B-00C04F79EFBC}") = "ProjectORB.Droid", "ProjectORB\ProjectORB.Droid\ProjectORB.Droid.csproj", "{9424790A-4AC6-40E8-9074-883F8E18501D}"
EndProject
Project("{FAE04EC0-301F-11D3-BF4B-00C04F79EFBC}") = "ProjectORB.WinPhone", "ProjectORB\ProjectORB.WinPhone\ProjectORB.WinPhone.csproj", "{87BFC094-FF4C-4215-9835-5487812EF1E2}"
EndProject
Project("{FAE04EC0-301F-11D3-BF4B-00C04F79EFBC}") = "ProjectORB.UWP", "ProjectORB\ProjectORB.UWP\ProjectORB.UWP.csproj", "{38FF6B00-D58A-49A0-9378-B07E242EF726}"
EndProject
Project("{FAE04EC0-301F-11D3-BF4B-00C04F79EFBC}") = "ProjectORB.Windows", "ProjectORB\ProjectORB.Windows\ProjectORB.Windows.csproj", "{9924EA73-A315-4CB7-A131-970A13BE29C6}"
EndProject
Project("{FAE04EC0-301F-11D3-BF4B-00C04F79EFBC}") = "ProjectORB.WebAPI", "ProjectORB.WebAPI\ProjectORB.WebAPI.csproj", "{496B0F36-EE2C-4CA3-8AF1-C4D1ABEBF89F}"
EndProject
Global
	GlobalSection(SharedMSBuildProjectFiles) = preSolution
		ProjectORB\ProjectORB\ProjectORB.projitems*{38ff6b00-d58a-49a0-9378-b07e242ef726}*SharedItemsImports = 4
		ProjectORB\ProjectORB\ProjectORB.projitems*{87bfc094-ff4c-4215-9835-5487812ef1e2}*SharedItemsImports = 4
		ProjectORB\ProjectORB\ProjectORB.projitems*{9424790a-4ac6-40e8-9074-883f8e18501d}*SharedItemsImports = 4
		ProjectORB\ProjectORB\ProjectORB.projitems*{9924ea73-a315-4cb7-a131-970a13be29c6}*SharedItemsImports = 4
		ProjectORB\ProjectORB\ProjectORB.projitems*{d34f8b5b-7813-4c06-b89e-617f8ca143d5}*SharedItemsImports = 13
	EndGlobalSection
	GlobalSection(SolutionConfigurationPlatforms) = preSolution
		Debug|Any CPU = Debug|Any CPU
		Debug|ARM = Debug|ARM
		Debug|x64 = Debug|x64
		Debug|x86 = Debug|x86
		Release|Any CPU = Release|Any CPU
		Release|ARM = Release|ARM
		Release|x64 = Release|x64
		Release|x86 = Release|x86
	EndGlobalSection
	GlobalSection(ProjectConfigurationPlatforms) = postSolution
		{9424790A-4AC6-40E8-9074-883F8E18501D}.Debug|Any CPU.ActiveCfg = Debug|Any CPU
		{9424790A-4AC6-40E8-9074-883F8E18501D}.Debug|Any CPU.Build.0 = Debug|Any CPU
		{9424790A-4AC6-40E8-9074-883F8E18501D}.Debug|Any CPU.Deploy.0 = Debug|Any CPU
		{9424790A-4AC6-40E8-9074-883F8E18501D}.Debug|ARM.ActiveCfg = Debug|Any CPU
		{9424790A-4AC6-40E8-9074-883F8E18501D}.Debug|ARM.Build.0 = Debug|Any CPU
		{9424790A-4AC6-40E8-9074-883F8E18501D}.Debug|ARM.Deploy.0 = Debug|Any CPU
		{9424790A-4AC6-40E8-9074-883F8E18501D}.Debug|x64.ActiveCfg = Debug|Any CPU
		{9424790A-4AC6-40E8-9074-883F8E18501D}.Debug|x64.Build.0 = Debug|Any CPU
		{9424790A-4AC6-40E8-9074-883F8E18501D}.Debug|x64.Deploy.0 = Debug|Any CPU
		{9424790A-4AC6-40E8-9074-883F8E18501D}.Debug|x86.ActiveCfg = Debug|Any CPU
		{9424790A-4AC6-40E8-9074-883F8E18501D}.Debug|x86.Build.0 = Debug|Any CPU
		{9424790A-4AC6-40E8-9074-883F8E18501D}.Debug|x86.Deploy.0 = Debug|Any CPU
		{9424790A-4AC6-40E8-9074-883F8E18501D}.Release|Any CPU.ActiveCfg = Release|Any CPU
		{9424790A-4AC6-40E8-9074-883F8E18501D}.Release|Any CPU.Build.0 = Release|Any CPU
		{9424790A-4AC6-40E8-9074-883F8E18501D}.Release|Any CPU.Deploy.0 = Release|Any CPU
		{9424790A-4AC6-40E8-9074-883F8E18501D}.Release|ARM.ActiveCfg = Release|Any CPU
		{9424790A-4AC6-40E8-9074-883F8E18501D}.Release|ARM.Build.0 = Release|Any CPU
		{9424790A-4AC6-40E8-9074-883F8E18501D}.Release|ARM.Deploy.0 = Release|Any CPU
		{9424790A-4AC6-40E8-9074-883F8E18501D}.Release|x64.ActiveCfg = Release|Any CPU
		{9424790A-4AC6-40E8-9074-883F8E18501D}.Release|x64.Build.0 = Release|Any CPU
		{9424790A-4AC6-40E8-9074-883F8E18501D}.Release|x64.Deploy.0 = Release|Any CPU
		{9424790A-4AC6-40E8-9074-883F8E18501D}.Release|x86.ActiveCfg = Release|Any CPU
		{9424790A-4AC6-40E8-9074-883F8E18501D}.Release|x86.Build.0 = Release|Any CPU
		{9424790A-4AC6-40E8-9074-883F8E18501D}.Release|x86.Deploy.0 = Release|Any CPU
		{87BFC094-FF4C-4215-9835-5487812EF1E2}.Debug|Any CPU.ActiveCfg = Debug|Any CPU
		{87BFC094-FF4C-4215-9835-5487812EF1E2}.Debug|Any CPU.Build.0 = Debug|Any CPU
		{87BFC094-FF4C-4215-9835-5487812EF1E2}.Debug|Any CPU.Deploy.0 = Debug|Any CPU
		{87BFC094-FF4C-4215-9835-5487812EF1E2}.Debug|ARM.ActiveCfg = Debug|ARM
		{87BFC094-FF4C-4215-9835-5487812EF1E2}.Debug|ARM.Build.0 = Debug|ARM
		{87BFC094-FF4C-4215-9835-5487812EF1E2}.Debug|ARM.Deploy.0 = Debug|ARM
		{87BFC094-FF4C-4215-9835-5487812EF1E2}.Debug|x64.ActiveCfg = Debug|Any CPU
		{87BFC094-FF4C-4215-9835-5487812EF1E2}.Debug|x64.Build.0 = Debug|Any CPU
		{87BFC094-FF4C-4215-9835-5487812EF1E2}.Debug|x64.Deploy.0 = Debug|Any CPU
		{87BFC094-FF4C-4215-9835-5487812EF1E2}.Debug|x86.ActiveCfg = Debug|x86
		{87BFC094-FF4C-4215-9835-5487812EF1E2}.Debug|x86.Build.0 = Debug|x86
		{87BFC094-FF4C-4215-9835-5487812EF1E2}.Debug|x86.Deploy.0 = Debug|x86
		{87BFC094-FF4C-4215-9835-5487812EF1E2}.Release|Any CPU.ActiveCfg = Release|Any CPU
		{87BFC094-FF4C-4215-9835-5487812EF1E2}.Release|Any CPU.Build.0 = Release|Any CPU
		{87BFC094-FF4C-4215-9835-5487812EF1E2}.Release|Any CPU.Deploy.0 = Release|Any CPU
		{87BFC094-FF4C-4215-9835-5487812EF1E2}.Release|ARM.ActiveCfg = Release|ARM
		{87BFC094-FF4C-4215-9835-5487812EF1E2}.Release|ARM.Build.0 = Release|ARM
		{87BFC094-FF4C-4215-9835-5487812EF1E2}.Release|ARM.Deploy.0 = Release|ARM
		{87BFC094-FF4C-4215-9835-5487812EF1E2}.Release|x64.ActiveCfg = Release|Any CPU
		{87BFC094-FF4C-4215-9835-5487812EF1E2}.Release|x64.Build.0 = Release|Any CPU
		{87BFC094-FF4C-4215-9835-5487812EF1E2}.Release|x64.Deploy.0 = Release|Any CPU
		{87BFC094-FF4C-4215-9835-5487812EF1E2}.Release|x86.ActiveCfg = Release|x86
		{87BFC094-FF4C-4215-9835-5487812EF1E2}.Release|x86.Build.0 = Release|x86
		{87BFC094-FF4C-4215-9835-5487812EF1E2}.Release|x86.Deploy.0 = Release|x86
		{38FF6B00-D58A-49A0-9378-B07E242EF726}.Debug|Any CPU.ActiveCfg = Debug|x86
		{38FF6B00-D58A-49A0-9378-B07E242EF726}.Debug|ARM.ActiveCfg = Debug|ARM
		{38FF6B00-D58A-49A0-9378-B07E242EF726}.Debug|ARM.Build.0 = Debug|ARM
		{38FF6B00-D58A-49A0-9378-B07E242EF726}.Debug|ARM.Deploy.0 = Debug|ARM
		{38FF6B00-D58A-49A0-9378-B07E242EF726}.Debug|x64.ActiveCfg = Debug|x64
		{38FF6B00-D58A-49A0-9378-B07E242EF726}.Debug|x64.Build.0 = Debug|x64
		{38FF6B00-D58A-49A0-9378-B07E242EF726}.Debug|x64.Deploy.0 = Debug|x64
		{38FF6B00-D58A-49A0-9378-B07E242EF726}.Debug|x86.ActiveCfg = Debug|x86
		{38FF6B00-D58A-49A0-9378-B07E242EF726}.Debug|x86.Build.0 = Debug|x86
		{38FF6B00-D58A-49A0-9378-B07E242EF726}.Debug|x86.Deploy.0 = Debug|x86
		{38FF6B00-D58A-49A0-9378-B07E242EF726}.Release|Any CPU.ActiveCfg = Release|x86
		{38FF6B00-D58A-49A0-9378-B07E242EF726}.Release|ARM.ActiveCfg = Release|ARM
		{38FF6B00-D58A-49A0-9378-B07E242EF726}.Release|ARM.Build.0 = Release|ARM
		{38FF6B00-D58A-49A0-9378-B07E242EF726}.Release|ARM.Deploy.0 = Release|ARM
		{38FF6B00-D58A-49A0-9378-B07E242EF726}.Release|x64.ActiveCfg = Release|x64
		{38FF6B00-D58A-49A0-9378-B07E242EF726}.Release|x64.Build.0 = Release|x64
		{38FF6B00-D58A-49A0-9378-B07E242EF726}.Release|x64.Deploy.0 = Release|x64
		{38FF6B00-D58A-49A0-9378-B07E242EF726}.Release|x86.ActiveCfg = Release|x86
		{38FF6B00-D58A-49A0-9378-B07E242EF726}.Release|x86.Build.0 = Release|x86
		{38FF6B00-D58A-49A0-9378-B07E242EF726}.Release|x86.Deploy.0 = Release|x86
		{9924EA73-A315-4CB7-A131-970A13BE29C6}.Debug|Any CPU.ActiveCfg = Debug|Any CPU
		{9924EA73-A315-4CB7-A131-970A13BE29C6}.Debug|Any CPU.Build.0 = Debug|Any CPU
		{9924EA73-A315-4CB7-A131-970A13BE29C6}.Debug|Any CPU.Deploy.0 = Debug|Any CPU
		{9924EA73-A315-4CB7-A131-970A13BE29C6}.Debug|ARM.ActiveCfg = Debug|ARM
		{9924EA73-A315-4CB7-A131-970A13BE29C6}.Debug|ARM.Build.0 = Debug|ARM
		{9924EA73-A315-4CB7-A131-970A13BE29C6}.Debug|ARM.Deploy.0 = Debug|ARM
		{9924EA73-A315-4CB7-A131-970A13BE29C6}.Debug|x64.ActiveCfg = Debug|x64
		{9924EA73-A315-4CB7-A131-970A13BE29C6}.Debug|x64.Build.0 = Debug|x64
		{9924EA73-A315-4CB7-A131-970A13BE29C6}.Debug|x64.Deploy.0 = Debug|x64
		{9924EA73-A315-4CB7-A131-970A13BE29C6}.Debug|x86.ActiveCfg = Debug|x86
		{9924EA73-A315-4CB7-A131-970A13BE29C6}.Debug|x86.Build.0 = Debug|x86
		{9924EA73-A315-4CB7-A131-970A13BE29C6}.Debug|x86.Deploy.0 = Debug|x86
		{9924EA73-A315-4CB7-A131-970A13BE29C6}.Release|Any CPU.ActiveCfg = Release|Any CPU
		{9924EA73-A315-4CB7-A131-970A13BE29C6}.Release|Any CPU.Build.0 = Release|Any CPU
		{9924EA73-A315-4CB7-A131-970A13BE29C6}.Release|Any CPU.Deploy.0 = Release|Any CPU
		{9924EA73-A315-4CB7-A131-970A13BE29C6}.Release|ARM.ActiveCfg = Release|ARM
		{9924EA73-A315-4CB7-A131-970A13BE29C6}.Release|ARM.Build.0 = Release|ARM
		{9924EA73-A315-4CB7-A131-970A13BE29C6}.Release|ARM.Deploy.0 = Release|ARM
		{9924EA73-A315-4CB7-A131-970A13BE29C6}.Release|x64.ActiveCfg = Release|x64
		{9924EA73-A315-4CB7-A131-970A13BE29C6}.Release|x64.Build.0 = Release|x64
		{9924EA73-A315-4CB7-A131-970A13BE29C6}.Release|x64.Deploy.0 = Release|x64
		{9924EA73-A315-4CB7-A131-970A13BE29C6}.Release|x86.ActiveCfg = Release|x86
		{9924EA73-A315-4CB7-A131-970A13BE29C6}.Release|x86.Build.0 = Release|x86
		{9924EA73-A315-4CB7-A131-970A13BE29C6}.Release|x86.Deploy.0 = Release|x86
		{496B0F36-EE2C-4CA3-8AF1-C4D1ABEBF89F}.Debug|Any CPU.ActiveCfg = Debug|Any CPU
		{496B0F36-EE2C-4CA3-8AF1-C4D1ABEBF89F}.Debug|Any CPU.Build.0 = Debug|Any CPU
		{496B0F36-EE2C-4CA3-8AF1-C4D1ABEBF89F}.Debug|ARM.ActiveCfg = Debug|Any CPU
		{496B0F36-EE2C-4CA3-8AF1-C4D1ABEBF89F}.Debug|ARM.Build.0 = Debug|Any CPU
		{496B0F36-EE2C-4CA3-8AF1-C4D1ABEBF89F}.Debug|x64.ActiveCfg = Debug|Any CPU
		{496B0F36-EE2C-4CA3-8AF1-C4D1ABEBF89F}.Debug|x64.Build.0 = Debug|Any CPU
		{496B0F36-EE2C-4CA3-8AF1-C4D1ABEBF89F}.Debug|x86.ActiveCfg = Debug|Any CPU
		{496B0F36-EE2C-4CA3-8AF1-C4D1ABEBF89F}.Debug|x86.Build.0 = Debug|Any CPU
		{496B0F36-EE2C-4CA3-8AF1-C4D1ABEBF89F}.Release|Any CPU.ActiveCfg = Release|Any CPU
		{496B0F36-EE2C-4CA3-8AF1-C4D1ABEBF89F}.Release|Any CPU.Build.0 = Release|Any CPU
		{496B0F36-EE2C-4CA3-8AF1-C4D1ABEBF89F}.Release|ARM.ActiveCfg = Release|Any CPU
		{496B0F36-EE2C-4CA3-8AF1-C4D1ABEBF89F}.Release|ARM.Build.0 = Release|Any CPU
		{496B0F36-EE2C-4CA3-8AF1-C4D1ABEBF89F}.Release|x64.ActiveCfg = Release|Any CPU
		{496B0F36-EE2C-4CA3-8AF1-C4D1ABEBF89F}.Release|x64.Build.0 = Release|Any CPU
		{496B0F36-EE2C-4CA3-8AF1-C4D1ABEBF89F}.Release|x86.ActiveCfg = Release|Any CPU
		{496B0F36-EE2C-4CA3-8AF1-C4D1ABEBF89F}.Release|x86.Build.0 = Release|Any CPU
	EndGlobalSection
	GlobalSection(SolutionProperties) = preSolution
		HideSolutionNode = FALSE
	EndGlobalSection
EndGlobal
